{
  "name": "webhook",
  "version": "1.0.0",
  "lockfileVersion": 3,
  "requires": true,
  "packages": {
    "": {
      "name": "webhook",
      "version": "1.0.0",
      "license": "ISC",
      "dependencies": {
        "@aws-lambda-powertools/batch": "^1.12.1"
      }
    },
    "node_modules/@aws-lambda-powertools/batch": {
      "version": "1.17.0",
      "resolved": "https://registry.npmjs.org/@aws-lambda-powertools/batch/-/batch-1.17.0.tgz",
      "integrity": "sha512-PhLZfpm4K6KrVA4vz9gyWUDAyVKRO5GH3WJ5bLXs39k3PVnWXSIs/WzyLYHuNl8YLJmJZLevQzpArY5wdHifKA=="
    }
  }
}
